
Microsoft Visual Studio Solution File, Format Version 12.00
# Visual Studio Version 17
VisualStudioVersion = 17.9.34728.123
MinimumVisualStudioVersion = 10.0.40219.1
Project("{FAE04EC0-301F-11D3-BF4B-00C04F79EFBC}") = "HeatingProject", "HeatingProject\HeatingProject.csproj", "{1AE6B72D-0AA7-4FB6-9EDD-206FE71847BA}"
EndProject
Global
	GlobalSection(SolutionConfigurationPlatforms) = preSolution
		Debug|Any CPU = Debug|Any CPU
		Release|Any CPU = Release|Any CPU
	EndGlobalSection
	GlobalSection(ProjectConfigurationPlatforms) = postSolution
		{1AE6B72D-0AA7-4FB6-9EDD-206FE71847BA}.Debug|Any CPU.ActiveCfg = Debug|Any CPU
		{1AE6B72D-0AA7-4FB6-9EDD-206FE71847BA}.Debug|Any CPU.Build.0 = Debug|Any CPU
		{1AE6B72D-0AA7-4FB6-9EDD-206FE71847BA}.Release|Any CPU.ActiveCfg = Release|Any CPU
		{1AE6B72D-0AA7-4FB6-9EDD-206FE71847BA}.Release|Any CPU.Build.0 = Release|Any CPU
	EndGlobalSection
	GlobalSection(SolutionProperties) = preSolution
		HideSolutionNode = FALSE
	EndGlobalSection
	GlobalSection(ExtensibilityGlobals) = postSolution
		SolutionGuid = {7CE3A5F1-B0EE-453C-B8B4-D9845EB8E055}
	EndGlobalSection
EndGlobal
